
Microsoft Visual Studio Solution File, Format Version 12.00
# Visual Studio Version 17
VisualStudioVersion = 17.12.35728.132 d17.12
MinimumVisualStudioVersion = 10.0.40219.1
Project("{FAE04EC0-301F-11D3-BF4B-00C04F79EFBC}") = "IoTOrleans.Client", "IoTOrleans.Client\IoTOrleans.Client.csproj", "{29F6B1A9-90D9-4275-8126-500372FA1C5D}"
EndProject
Project("{FAE04EC0-301F-11D3-BF4B-00C04F79EFBC}") = "IoTOrleans.Api", "IoTOrleans.Api\IoTOrleans.Api.csproj", "{42E7123F-01F5-41AD-899D-8D35F4AD9220}"
EndProject
Global
	GlobalSection(SolutionConfigurationPlatforms) = preSolution
		Debug|Any CPU = Debug|Any CPU
		Release|Any CPU = Release|Any CPU
	EndGlobalSection
	GlobalSection(ProjectConfigurationPlatforms) = postSolution
		{29F6B1A9-90D9-4275-8126-500372FA1C5D}.Debug|Any CPU.ActiveCfg = Debug|Any CPU
		{29F6B1A9-90D9-4275-8126-500372FA1C5D}.Debug|Any CPU.Build.0 = Debug|Any CPU
		{29F6B1A9-90D9-4275-8126-500372FA1C5D}.Release|Any CPU.ActiveCfg = Release|Any CPU
		{29F6B1A9-90D9-4275-8126-500372FA1C5D}.Release|Any CPU.Build.0 = Release|Any CPU
		{42E7123F-01F5-41AD-899D-8D35F4AD9220}.Debug|Any CPU.ActiveCfg = Debug|Any CPU
		{42E7123F-01F5-41AD-899D-8D35F4AD9220}.Debug|Any CPU.Build.0 = Debug|Any CPU
		{42E7123F-01F5-41AD-899D-8D35F4AD9220}.Release|Any CPU.ActiveCfg = Release|Any CPU
		{42E7123F-01F5-41AD-899D-8D35F4AD9220}.Release|Any CPU.Build.0 = Release|Any CPU
	EndGlobalSection
	GlobalSection(SolutionProperties) = preSolution
		HideSolutionNode = FALSE
	EndGlobalSection
EndGlobal
